<?xml version="1.0" encoding="utf-8"?>
<Project ToolsVersion="4.0" xmlns="http://schemas.microsoft.com/developer/msbuild/2003">
  <ItemGroup>
    <Filter Include="源文件">
      <UniqueIdentifier>{a29cbfad-2f6c-4c8e-95b5-b4a3652233c8}</UniqueIdentifier>
    </Filter>
    <Filter Include="生成的文件">
      <UniqueIdentifier>{39612de7-67f0-4e0a-9bf5-f312a26d5eee}</UniqueIdentifier>
      <SourceControlFiles>False</SourceControlFiles>
    </Filter>
  </ItemGroup>
  <ItemGroup>
    <None Include="LockKeysps.def" />
  </ItemGroup>
  <ItemGroup>
    <ClCompile Include="LockKeys_i.c">
      <Filter>生成的文件</Filter>
    </ClCompile>
    <ClCompile Include="LockKeys_p.c">
      <Filter>生成的文件</Filter>
    </ClCompile>
    <ClCompile Include="dlldata.c">
      <Filter>生成的文件</Filter>
    </ClCompile>
  </ItemGroup>
</Project>